<?xml version="1.0" encoding="utf-8"?>
<Project ToolsVersion="4.0" xmlns="http://schemas.microsoft.com/developer/msbuild/2003">
  <ItemGroup>
    <ClCompile Include="CocoaDelay.cpp" />
    <ClCompile Include="..\..\WDL\IPlug\IPlugVST.cpp">
      <Filter>vst2</Filter>
    </ClCompile>
    <ClCompile Include="Filter.cpp" />
    <ClCompile Include="Knob.cpp" />
    <ClCompile Include="StatefulDrive.cpp" />
    <ClCompile Include="Presets.cpp" />
    <ClCompile Include="Lofi.cpp" />
  </ItemGroup>
  <ItemGroup>
    <ClInclude Include="CocoaDelay.h" />
    <ClInclude Include="resource.h" />
    <ClInclude Include="..\..\WDL\IPlug\IPlugVST.h">
      <Filter>vst2</Filter>
    </ClInclude>
    <ClInclude Include="Filter.h" />
    <ClInclude Include="Knob.h" />
    <ClInclude Include="StatefulDrive.h" />
    <ClInclude Include="Util.h" />
    <ClInclude Include="PresetMenu.h" />
    <ClInclude Include="Lofi.h" />
  </ItemGroup>
  <ItemGroup>
    <ResourceCompile Include="CocoaDelay.rc" />
  </ItemGroup>
  <ItemGroup>
    <Filter Include="vst2">
      <UniqueIdentifier>{ea16de74-9d15-4c60-ba09-d0924088d3e5}</UniqueIdentifier>
    </Filter>
  </ItemGroup>
</Project>